
Microsoft Visual Studio Solution File, Format Version 12.00
# Visual Studio Version 17
VisualStudioVersion = 17.11.35222.181
MinimumVisualStudioVersion = 10.0.40219.1
Project("{FAE04EC0-301F-11D3-BF4B-00C04F79EFBC}") = "EntityLayer", "EntityLayer.csproj", "{C4123AA0-5C0A-4E68-B063-9CDE1FA9C748}"
EndProject
Project("{FAE04EC0-301F-11D3-BF4B-00C04F79EFBC}") = "DataAccesLayer(DAL)", "..\DataAccesLayer(DAL)\DataAccesLayer(DAL).csproj", "{F1DFA84B-5DF9-43A1-9490-2329D36EA8EB}"
EndProject
Global
	GlobalSection(SolutionConfigurationPlatforms) = preSolution
		Debug|Any CPU = Debug|Any CPU
		Release|Any CPU = Release|Any CPU
	EndGlobalSection
	GlobalSection(ProjectConfigurationPlatforms) = postSolution
		{C4123AA0-5C0A-4E68-B063-9CDE1FA9C748}.Debug|Any CPU.ActiveCfg = Debug|Any CPU
		{C4123AA0-5C0A-4E68-B063-9CDE1FA9C748}.Debug|Any CPU.Build.0 = Debug|Any CPU
		{C4123AA0-5C0A-4E68-B063-9CDE1FA9C748}.Release|Any CPU.ActiveCfg = Release|Any CPU
		{C4123AA0-5C0A-4E68-B063-9CDE1FA9C748}.Release|Any CPU.Build.0 = Release|Any CPU
		{F1DFA84B-5DF9-43A1-9490-2329D36EA8EB}.Debug|Any CPU.ActiveCfg = Debug|Any CPU
		{F1DFA84B-5DF9-43A1-9490-2329D36EA8EB}.Debug|Any CPU.Build.0 = Debug|Any CPU
		{F1DFA84B-5DF9-43A1-9490-2329D36EA8EB}.Release|Any CPU.ActiveCfg = Release|Any CPU
		{F1DFA84B-5DF9-43A1-9490-2329D36EA8EB}.Release|Any CPU.Build.0 = Release|Any CPU
	EndGlobalSection
	GlobalSection(SolutionProperties) = preSolution
		HideSolutionNode = FALSE
	EndGlobalSection
	GlobalSection(ExtensibilityGlobals) = postSolution
		SolutionGuid = {0BDBC7BF-BB56-49CD-B066-6F05C34B3EE4}
	EndGlobalSection
EndGlobal
